
Microsoft Visual Studio Solution File, Format Version 12.00
# Visual Studio 15
Project("{FAE04EC0-301F-11D3-BF4B-00C04F79EFBC}") = "Mirror.Examples", "Mirror.Examples.csproj", "{08B4EEEA-18EE-51E5-270F-5059591A81DC}"
EndProject
Project("{FAE04EC0-301F-11D3-BF4B-00C04F79EFBC}") = "Mirror", "Mirror.csproj", "{B42BC805-8450-CE4B-FB65-E8E4AC034026}"
EndProject
Project("{FAE04EC0-301F-11D3-BF4B-00C04F79EFBC}") = "Telepathy", "Telepathy.csproj", "{AC539BF3-89C1-166B-411A-B8D1FBB61B52}"
EndProject
Project("{FAE04EC0-301F-11D3-BF4B-00C04F79EFBC}") = "Mirror.Components", "Mirror.Components.csproj", "{B2976A83-4B3E-91F2-842B-FB0EE34B067C}"
EndProject
Project("{FAE04EC0-301F-11D3-BF4B-00C04F79EFBC}") = "Assembly-CSharp", "Assembly-CSharp.csproj", "{BC2EE501-CAC2-2553-59AE-8CC126C8E49B}"
EndProject
Project("{FAE04EC0-301F-11D3-BF4B-00C04F79EFBC}") = "kcp2k", "kcp2k.csproj", "{649D6974-371E-FBD4-7577-4A82D03BE311}"
EndProject
Project("{FAE04EC0-301F-11D3-BF4B-00C04F79EFBC}") = "SimpleWebTransport", "SimpleWebTransport.csproj", "{27801590-DFA0-ACB0-FE36-8C73FC4DE957}"
EndProject
Project("{FAE04EC0-301F-11D3-BF4B-00C04F79EFBC}") = "where-allocations", "where-allocations.csproj", "{83EF4E61-781F-0DD3-845E-E1724515C6EE}"
EndProject
Project("{FAE04EC0-301F-11D3-BF4B-00C04F79EFBC}") = "Mirror.Authenticators", "Mirror.Authenticators.csproj", "{04922C0F-F27C-4F4D-BB93-51CD1AA27798}"
EndProject
Project("{FAE04EC0-301F-11D3-BF4B-00C04F79EFBC}") = "Unity.Mirror.CodeGen", "Unity.Mirror.CodeGen.csproj", "{9566C517-8E7E-2C34-314A-06693E0E7AA1}"
EndProject
Project("{FAE04EC0-301F-11D3-BF4B-00C04F79EFBC}") = "Mirror.Editor", "Mirror.Editor.csproj", "{B58BEE4C-8885-11A5-6B20-70867EAB77FD}"
EndProject
Project("{FAE04EC0-301F-11D3-BF4B-00C04F79EFBC}") = "Mirror.CompilerSymbols", "Mirror.CompilerSymbols.csproj", "{8B87B14E-084C-7FF3-9881-91BE7183F8B7}"
EndProject
Project("{FAE04EC0-301F-11D3-BF4B-00C04F79EFBC}") = "Mirror.Examples", "Mirror.Examples.Player.csproj", "{B013DECF-A08A-495E-F7D1-A0652F5D3B9D}"
EndProject
Project("{FAE04EC0-301F-11D3-BF4B-00C04F79EFBC}") = "Mirror", "Mirror.Player.csproj", "{2AD9D74A-AEFC-B426-62DC-351E0C6ED415}"
EndProject
Project("{FAE04EC0-301F-11D3-BF4B-00C04F79EFBC}") = "Telepathy", "Telepathy.Player.csproj", "{EE7A09DE-CA14-1997-9F52-33A3651E2622}"
EndProject
Project("{FAE04EC0-301F-11D3-BF4B-00C04F79EFBC}") = "Mirror.Components", "Mirror.Components.Player.csproj", "{8F3EB890-44EC-9A5A-C1CC-2880C5ACF80F}"
EndProject
Project("{FAE04EC0-301F-11D3-BF4B-00C04F79EFBC}") = "Assembly-CSharp", "Assembly-CSharp.Player.csproj", "{714A20EC-9485-F04A-6115-BA5BF238AEBD}"
EndProject
Project("{FAE04EC0-301F-11D3-BF4B-00C04F79EFBC}") = "kcp2k", "kcp2k.Player.csproj", "{068381FE-D2E2-4F71-00D6-C55C342929A3}"
EndProject
Project("{FAE04EC0-301F-11D3-BF4B-00C04F79EFBC}") = "SimpleWebTransport", "SimpleWebTransport.Player.csproj", "{E34BA849-DB80-80FB-40F5-C138A95FE6FA}"
EndProject
Project("{FAE04EC0-301F-11D3-BF4B-00C04F79EFBC}") = "where-allocations", "where-allocations.Player.csproj", "{8D0A65ED-7667-A792-2418-DF7EBFC1C500}"
EndProject
Project("{FAE04EC0-301F-11D3-BF4B-00C04F79EFBC}") = "Mirror.Authenticators", "Mirror.Authenticators.Player.csproj", "{0335F49B-E015-1BAF-43A4-094B862D234E}"
EndProject
Global
	GlobalSection(SolutionConfigurationPlatforms) = preSolution
		Debug|Any CPU = Debug|Any CPU
		Release|Any CPU = Release|Any CPU
	EndGlobalSection
	GlobalSection(ProjectConfigurationPlatforms) = postSolution
		{08B4EEEA-18EE-51E5-270F-5059591A81DC}.Debug|Any CPU.ActiveCfg = Debug|Any CPU
		{08B4EEEA-18EE-51E5-270F-5059591A81DC}.Debug|Any CPU.Build.0 = Debug|Any CPU
		{08B4EEEA-18EE-51E5-270F-5059591A81DC}.Release|Any CPU.ActiveCfg = Release|Any CPU
		{08B4EEEA-18EE-51E5-270F-5059591A81DC}.Release|Any CPU.Build.0 = Release|Any CPU
		{B42BC805-8450-CE4B-FB65-E8E4AC034026}.Debug|Any CPU.ActiveCfg = Debug|Any CPU
		{B42BC805-8450-CE4B-FB65-E8E4AC034026}.Debug|Any CPU.Build.0 = Debug|Any CPU
		{B42BC805-8450-CE4B-FB65-E8E4AC034026}.Release|Any CPU.ActiveCfg = Release|Any CPU
		{B42BC805-8450-CE4B-FB65-E8E4AC034026}.Release|Any CPU.Build.0 = Release|Any CPU
		{AC539BF3-89C1-166B-411A-B8D1FBB61B52}.Debug|Any CPU.ActiveCfg = Debug|Any CPU
		{AC539BF3-89C1-166B-411A-B8D1FBB61B52}.Debug|Any CPU.Build.0 = Debug|Any CPU
		{AC539BF3-89C1-166B-411A-B8D1FBB61B52}.Release|Any CPU.ActiveCfg = Release|Any CPU
		{AC539BF3-89C1-166B-411A-B8D1FBB61B52}.Release|Any CPU.Build.0 = Release|Any CPU
		{B2976A83-4B3E-91F2-842B-FB0EE34B067C}.Debug|Any CPU.ActiveCfg = Debug|Any CPU
		{B2976A83-4B3E-91F2-842B-FB0EE34B067C}.Debug|Any CPU.Build.0 = Debug|Any CPU
		{B2976A83-4B3E-91F2-842B-FB0EE34B067C}.Release|Any CPU.ActiveCfg = Release|Any CPU
		{B2976A83-4B3E-91F2-842B-FB0EE34B067C}.Release|Any CPU.Build.0 = Release|Any CPU
		{BC2EE501-CAC2-2553-59AE-8CC126C8E49B}.Debug|Any CPU.ActiveCfg = Debug|Any CPU
		{BC2EE501-CAC2-2553-59AE-8CC126C8E49B}.Debug|Any CPU.Build.0 = Debug|Any CPU
		{BC2EE501-CAC2-2553-59AE-8CC126C8E49B}.Release|Any CPU.ActiveCfg = Release|Any CPU
		{BC2EE501-CAC2-2553-59AE-8CC126C8E49B}.Release|Any CPU.Build.0 = Release|Any CPU
		{649D6974-371E-FBD4-7577-4A82D03BE311}.Debug|Any CPU.ActiveCfg = Debug|Any CPU
		{649D6974-371E-FBD4-7577-4A82D03BE311}.Debug|Any CPU.Build.0 = Debug|Any CPU
		{649D6974-371E-FBD4-7577-4A82D03BE311}.Release|Any CPU.ActiveCfg = Release|Any CPU
		{649D6974-371E-FBD4-7577-4A82D03BE311}.Release|Any CPU.Build.0 = Release|Any CPU
		{27801590-DFA0-ACB0-FE36-8C73FC4DE957}.Debug|Any CPU.ActiveCfg = Debug|Any CPU
		{27801590-DFA0-ACB0-FE36-8C73FC4DE957}.Debug|Any CPU.Build.0 = Debug|Any CPU
		{27801590-DFA0-ACB0-FE36-8C73FC4DE957}.Release|Any CPU.ActiveCfg = Release|Any CPU
		{27801590-DFA0-ACB0-FE36-8C73FC4DE957}.Release|Any CPU.Build.0 = Release|Any CPU
		{83EF4E61-781F-0DD3-845E-E1724515C6EE}.Debug|Any CPU.ActiveCfg = Debug|Any CPU
		{83EF4E61-781F-0DD3-845E-E1724515C6EE}.Debug|Any CPU.Build.0 = Debug|Any CPU
		{83EF4E61-781F-0DD3-845E-E1724515C6EE}.Release|Any CPU.ActiveCfg = Release|Any CPU
		{83EF4E61-781F-0DD3-845E-E1724515C6EE}.Release|Any CPU.Build.0 = Release|Any CPU
		{04922C0F-F27C-4F4D-BB93-51CD1AA27798}.Debug|Any CPU.ActiveCfg = Debug|Any CPU
		{04922C0F-F27C-4F4D-BB93-51CD1AA27798}.Debug|Any CPU.Build.0 = Debug|Any CPU
		{04922C0F-F27C-4F4D-BB93-51CD1AA27798}.Release|Any CPU.ActiveCfg = Release|Any CPU
		{04922C0F-F27C-4F4D-BB93-51CD1AA27798}.Release|Any CPU.Build.0 = Release|Any CPU
		{9566C517-8E7E-2C34-314A-06693E0E7AA1}.Debug|Any CPU.ActiveCfg = Debug|Any CPU
		{9566C517-8E7E-2C34-314A-06693E0E7AA1}.Debug|Any CPU.Build.0 = Debug|Any CPU
		{9566C517-8E7E-2C34-314A-06693E0E7AA1}.Release|Any CPU.ActiveCfg = Release|Any CPU
		{9566C517-8E7E-2C34-314A-06693E0E7AA1}.Release|Any CPU.Build.0 = Release|Any CPU
		{B58BEE4C-8885-11A5-6B20-70867EAB77FD}.Debug|Any CPU.ActiveCfg = Debug|Any CPU
		{B58BEE4C-8885-11A5-6B20-70867EAB77FD}.Debug|Any CPU.Build.0 = Debug|Any CPU
		{B58BEE4C-8885-11A5-6B20-70867EAB77FD}.Release|Any CPU.ActiveCfg = Release|Any CPU
		{B58BEE4C-8885-11A5-6B20-70867EAB77FD}.Release|Any CPU.Build.0 = Release|Any CPU
		{8B87B14E-084C-7FF3-9881-91BE7183F8B7}.Debug|Any CPU.ActiveCfg = Debug|Any CPU
		{8B87B14E-084C-7FF3-9881-91BE7183F8B7}.Debug|Any CPU.Build.0 = Debug|Any CPU
		{8B87B14E-084C-7FF3-9881-91BE7183F8B7}.Release|Any CPU.ActiveCfg = Release|Any CPU
		{8B87B14E-084C-7FF3-9881-91BE7183F8B7}.Release|Any CPU.Build.0 = Release|Any CPU
		{B013DECF-A08A-495E-F7D1-A0652F5D3B9D}.Debug|Any CPU.ActiveCfg = Debug|Any CPU
		{B013DECF-A08A-495E-F7D1-A0652F5D3B9D}.Debug|Any CPU.Build.0 = Debug|Any CPU
		{B013DECF-A08A-495E-F7D1-A0652F5D3B9D}.Release|Any CPU.ActiveCfg = Release|Any CPU
		{B013DECF-A08A-495E-F7D1-A0652F5D3B9D}.Release|Any CPU.Build.0 = Release|Any CPU
		{2AD9D74A-AEFC-B426-62DC-351E0C6ED415}.Debug|Any CPU.ActiveCfg = Debug|Any CPU
		{2AD9D74A-AEFC-B426-62DC-351E0C6ED415}.Debug|Any CPU.Build.0 = Debug|Any CPU
		{2AD9D74A-AEFC-B426-62DC-351E0C6ED415}.Release|Any CPU.ActiveCfg = Release|Any CPU
		{2AD9D74A-AEFC-B426-62DC-351E0C6ED415}.Release|Any CPU.Build.0 = Release|Any CPU
		{EE7A09DE-CA14-1997-9F52-33A3651E2622}.Debug|Any CPU.ActiveCfg = Debug|Any CPU
		{EE7A09DE-CA14-1997-9F52-33A3651E2622}.Debug|Any CPU.Build.0 = Debug|Any CPU
		{EE7A09DE-CA14-1997-9F52-33A3651E2622}.Release|Any CPU.ActiveCfg = Release|Any CPU
		{EE7A09DE-CA14-1997-9F52-33A3651E2622}.Release|Any CPU.Build.0 = Release|Any CPU
		{8F3EB890-44EC-9A5A-C1CC-2880C5ACF80F}.Debug|Any CPU.ActiveCfg = Debug|Any CPU
		{8F3EB890-44EC-9A5A-C1CC-2880C5ACF80F}.Debug|Any CPU.Build.0 = Debug|Any CPU
		{8F3EB890-44EC-9A5A-C1CC-2880C5ACF80F}.Release|Any CPU.ActiveCfg = Release|Any CPU
		{8F3EB890-44EC-9A5A-C1CC-2880C5ACF80F}.Release|Any CPU.Build.0 = Release|Any CPU
		{714A20EC-9485-F04A-6115-BA5BF238AEBD}.Debug|Any CPU.ActiveCfg = Debug|Any CPU
		{714A20EC-9485-F04A-6115-BA5BF238AEBD}.Debug|Any CPU.Build.0 = Debug|Any CPU
		{714A20EC-9485-F04A-6115-BA5BF238AEBD}.Release|Any CPU.ActiveCfg = Release|Any CPU
		{714A20EC-9485-F04A-6115-BA5BF238AEBD}.Release|Any CPU.Build.0 = Release|Any CPU
		{068381FE-D2E2-4F71-00D6-C55C342929A3}.Debug|Any CPU.ActiveCfg = Debug|Any CPU
		{068381FE-D2E2-4F71-00D6-C55C342929A3}.Debug|Any CPU.Build.0 = Debug|Any CPU
		{068381FE-D2E2-4F71-00D6-C55C342929A3}.Release|Any CPU.ActiveCfg = Release|Any CPU
		{068381FE-D2E2-4F71-00D6-C55C342929A3}.Release|Any CPU.Build.0 = Release|Any CPU
		{E34BA849-DB80-80FB-40F5-C138A95FE6FA}.Debug|Any CPU.ActiveCfg = Debug|Any CPU
		{E34BA849-DB80-80FB-40F5-C138A95FE6FA}.Debug|Any CPU.Build.0 = Debug|Any CPU
		{E34BA849-DB80-80FB-40F5-C138A95FE6FA}.Release|Any CPU.ActiveCfg = Release|Any CPU
		{E34BA849-DB80-80FB-40F5-C138A95FE6FA}.Release|Any CPU.Build.0 = Release|Any CPU
		{8D0A65ED-7667-A792-2418-DF7EBFC1C500}.Debug|Any CPU.ActiveCfg = Debug|Any CPU
		{8D0A65ED-7667-A792-2418-DF7EBFC1C500}.Debug|Any CPU.Build.0 = Debug|Any CPU
		{8D0A65ED-7667-A792-2418-DF7EBFC1C500}.Release|Any CPU.ActiveCfg = Release|Any CPU
		{8D0A65ED-7667-A792-2418-DF7EBFC1C500}.Release|Any CPU.Build.0 = Release|Any CPU
		{0335F49B-E015-1BAF-43A4-094B862D234E}.Debug|Any CPU.ActiveCfg = Debug|Any CPU
		{0335F49B-E015-1BAF-43A4-094B862D234E}.Debug|Any CPU.Build.0 = Debug|Any CPU
		{0335F49B-E015-1BAF-43A4-094B862D234E}.Release|Any CPU.ActiveCfg = Release|Any CPU
		{0335F49B-E015-1BAF-43A4-094B862D234E}.Release|Any CPU.Build.0 = Release|Any CPU
	EndGlobalSection
	GlobalSection(SolutionProperties) = preSolution
		HideSolutionNode = FALSE
	EndGlobalSection
EndGlobal
